# This file is generated by running "yarn install" inside your project.
# Manual changes might be lost - proceed with caution!

__metadata:
  version: 7
  cacheKey: 9

"@remix-run/router@npm:1.7.1":
  version: 1.7.1
  resolution: "@remix-run/router@npm:1.7.1"
  checksum: 73be1625d0042a96d6e5aebc0f560a6af2312e150545e5c94be79e64f5315f6f5271fd5a61c82436b15cb29ca6d55dcb709741143b1567ea3044f61392caa829
  languageName: node
  linkType: hard

"cors@npm:^2.8.5":
  version: 2.8.5
  resolution: "cors@npm:2.8.5"
  dependencies:
    object-assign: "npm:^4"
    vary: "npm:^1"
  checksum: 8451ae4bb9710e6cc03c61283b226747397162b54d12cf77e257184e6bd568387864d6a817bba9752c2febb686fe45a14b7b0ce6f68e3e70d25df2ba6e17e80e
  languageName: node
  linkType: hard

"object-assign@npm:^4":
  version: 4.1.1
  resolution: "object-assign@npm:4.1.1"
  checksum: f5cd1f2f1e82e12207e4f2377d9d7d90fbc0d9822a6afa717a6dcab6930d8925e1ebbbb25df770c31ff11335ee423459ba65ffa2e53999926c328b806b4d73d6
  languageName: node
  linkType: hard

"react-router-dom@npm:^6.14.1":
  version: 6.14.1
  resolution: "react-router-dom@npm:6.14.1"
  dependencies:
    "@remix-run/router": "npm:1.7.1"
    react-router: "npm:6.14.1"
  peerDependencies:
    react: ">=16.8"
    react-dom: ">=16.8"
  checksum: b5625a4fb12c12e9b447a8879eba6d3908b3571167ec045ae33a0fd2f7a7bb87ac773a4ced1178c7640f991f75e7c5de6aa220bf34f97f4c7345054c65c03732
  languageName: node
  linkType: hard

"react-router@npm:6.14.1":
  version: 6.14.1
  resolution: "react-router@npm:6.14.1"
  dependencies:
    "@remix-run/router": "npm:1.7.1"
  peerDependencies:
    react: ">=16.8"
  checksum: 83e68d1132d90b723331bf46bc7f5d20b3d2cffda7accf29b84dab6f291adaf2136107ec37cb54de67b7f02f4ebee0e40ddc3c993bc6dd4fd153527c1c534244
  languageName: node
  linkType: hard

"root-workspace-0b6124@workspace:.":
  version: 0.0.0-use.local
  resolution: "root-workspace-0b6124@workspace:."
  dependencies:
    cors: "npm:^2.8.5"
    react-router-dom: "npm:^6.14.1"
  languageName: unknown
  linkType: soft

"vary@npm:^1":
  version: 1.1.2
  resolution: "vary@npm:1.1.2"
  checksum: b1db20d4be443aec48b8efab73386f83d947b7033b6b2f5a0c7ba4a1f9bc0200cb4cb396712468761f8edfe48dd68a6fdee7c65689b90937a2d767c714d25883
  languageName: node
  linkType: hard
